
Microsoft Visual Studio Solution File, Format Version 12.00
# Visual Studio 15
VisualStudioVersion = 15.0.28307.421
MinimumVisualStudioVersion = 10.0.40219.1
Project("{FAE04EC0-301F-11D3-BF4B-00C04F79EFBC}") = "DSExample.Android", "DSExample\DSExample.Android\DSExample.Android.csproj", "{E4A835B3-40BD-4FDA-8521-279D60C9CA46}"
EndProject
Project("{FAE04EC0-301F-11D3-BF4B-00C04F79EFBC}") = "DSExample.iOS", "DSExample\DSExample.iOS\DSExample.iOS.csproj", "{F55FB717-195C-476C-94F6-908DBF58F28C}"
EndProject
Project("{FAE04EC0-301F-11D3-BF4B-00C04F79EFBC}") = "DSExample", "DSExample\DSExample\DSExample.csproj", "{13F81FBF-0B88-47E3-A542-3AB7750BAE15}"
EndProject
Global
	GlobalSection(SolutionConfigurationPlatforms) = preSolution
		Ad-Hoc|Any CPU = Ad-Hoc|Any CPU
		Ad-Hoc|iPhone = Ad-Hoc|iPhone
		Ad-Hoc|iPhoneSimulator = Ad-Hoc|iPhoneSimulator
		AppStore|Any CPU = AppStore|Any CPU
		AppStore|iPhone = AppStore|iPhone
		AppStore|iPhoneSimulator = AppStore|iPhoneSimulator
		Debug|Any CPU = Debug|Any CPU
		Debug|iPhone = Debug|iPhone
		Debug|iPhoneSimulator = Debug|iPhoneSimulator
		Release|Any CPU = Release|Any CPU
		Release|iPhone = Release|iPhone
		Release|iPhoneSimulator = Release|iPhoneSimulator
	EndGlobalSection
	GlobalSection(ProjectConfigurationPlatforms) = postSolution
		{E4A835B3-40BD-4FDA-8521-279D60C9CA46}.Ad-Hoc|Any CPU.ActiveCfg = Release|Any CPU
		{E4A835B3-40BD-4FDA-8521-279D60C9CA46}.Ad-Hoc|Any CPU.Build.0 = Release|Any CPU
		{E4A835B3-40BD-4FDA-8521-279D60C9CA46}.Ad-Hoc|Any CPU.Deploy.0 = Release|Any CPU
		{E4A835B3-40BD-4FDA-8521-279D60C9CA46}.Ad-Hoc|iPhone.ActiveCfg = Release|Any CPU
		{E4A835B3-40BD-4FDA-8521-279D60C9CA46}.Ad-Hoc|iPhone.Build.0 = Release|Any CPU
		{E4A835B3-40BD-4FDA-8521-279D60C9CA46}.Ad-Hoc|iPhone.Deploy.0 = Release|Any CPU
		{E4A835B3-40BD-4FDA-8521-279D60C9CA46}.Ad-Hoc|iPhoneSimulator.ActiveCfg = Release|Any CPU
		{E4A835B3-40BD-4FDA-8521-279D60C9CA46}.Ad-Hoc|iPhoneSimulator.Build.0 = Release|Any CPU
		{E4A835B3-40BD-4FDA-8521-279D60C9CA46}.Ad-Hoc|iPhoneSimulator.Deploy.0 = Release|Any CPU
		{E4A835B3-40BD-4FDA-8521-279D60C9CA46}.AppStore|Any CPU.ActiveCfg = Release|Any CPU
		{E4A835B3-40BD-4FDA-8521-279D60C9CA46}.AppStore|Any CPU.Build.0 = Release|Any CPU
		{E4A835B3-40BD-4FDA-8521-279D60C9CA46}.AppStore|Any CPU.Deploy.0 = Release|Any CPU
		{E4A835B3-40BD-4FDA-8521-279D60C9CA46}.AppStore|iPhone.ActiveCfg = Release|Any CPU
		{E4A835B3-40BD-4FDA-8521-279D60C9CA46}.AppStore|iPhone.Build.0 = Release|Any CPU
		{E4A835B3-40BD-4FDA-8521-279D60C9CA46}.AppStore|iPhone.Deploy.0 = Release|Any CPU
		{E4A835B3-40BD-4FDA-8521-279D60C9CA46}.AppStore|iPhoneSimulator.ActiveCfg = Release|Any CPU
		{E4A835B3-40BD-4FDA-8521-279D60C9CA46}.AppStore|iPhoneSimulator.Build.0 = Release|Any CPU
		{E4A835B3-40BD-4FDA-8521-279D60C9CA46}.AppStore|iPhoneSimulator.Deploy.0 = Release|Any CPU
		{E4A835B3-40BD-4FDA-8521-279D60C9CA46}.Debug|Any CPU.ActiveCfg = Debug|Any CPU
		{E4A835B3-40BD-4FDA-8521-279D60C9CA46}.Debug|Any CPU.Build.0 = Debug|Any CPU
		{E4A835B3-40BD-4FDA-8521-279D60C9CA46}.Debug|Any CPU.Deploy.0 = Debug|Any CPU
		{E4A835B3-40BD-4FDA-8521-279D60C9CA46}.Debug|iPhone.ActiveCfg = Debug|Any CPU
		{E4A835B3-40BD-4FDA-8521-279D60C9CA46}.Debug|iPhone.Build.0 = Debug|Any CPU
		{E4A835B3-40BD-4FDA-8521-279D60C9CA46}.Debug|iPhone.Deploy.0 = Debug|Any CPU
		{E4A835B3-40BD-4FDA-8521-279D60C9CA46}.Debug|iPhoneSimulator.ActiveCfg = Debug|Any CPU
		{E4A835B3-40BD-4FDA-8521-279D60C9CA46}.Debug|iPhoneSimulator.Build.0 = Debug|Any CPU
		{E4A835B3-40BD-4FDA-8521-279D60C9CA46}.Debug|iPhoneSimulator.Deploy.0 = Debug|Any CPU
		{E4A835B3-40BD-4FDA-8521-279D60C9CA46}.Release|Any CPU.ActiveCfg = Release|Any CPU
		{E4A835B3-40BD-4FDA-8521-279D60C9CA46}.Release|Any CPU.Build.0 = Release|Any CPU
		{E4A835B3-40BD-4FDA-8521-279D60C9CA46}.Release|Any CPU.Deploy.0 = Release|Any CPU
		{E4A835B3-40BD-4FDA-8521-279D60C9CA46}.Release|iPhone.ActiveCfg = Release|Any CPU
		{E4A835B3-40BD-4FDA-8521-279D60C9CA46}.Release|iPhone.Build.0 = Release|Any CPU
		{E4A835B3-40BD-4FDA-8521-279D60C9CA46}.Release|iPhone.Deploy.0 = Release|Any CPU
		{E4A835B3-40BD-4FDA-8521-279D60C9CA46}.Release|iPhoneSimulator.ActiveCfg = Release|Any CPU
		{E4A835B3-40BD-4FDA-8521-279D60C9CA46}.Release|iPhoneSimulator.Build.0 = Release|Any CPU
		{E4A835B3-40BD-4FDA-8521-279D60C9CA46}.Release|iPhoneSimulator.Deploy.0 = Release|Any CPU
		{F55FB717-195C-476C-94F6-908DBF58F28C}.Ad-Hoc|Any CPU.ActiveCfg = Ad-Hoc|iPhone
		{F55FB717-195C-476C-94F6-908DBF58F28C}.Ad-Hoc|Any CPU.Build.0 = Ad-Hoc|iPhone
		{F55FB717-195C-476C-94F6-908DBF58F28C}.Ad-Hoc|Any CPU.Deploy.0 = Ad-Hoc|iPhone
		{F55FB717-195C-476C-94F6-908DBF58F28C}.Ad-Hoc|iPhone.ActiveCfg = Ad-Hoc|iPhone
		{F55FB717-195C-476C-94F6-908DBF58F28C}.Ad-Hoc|iPhone.Build.0 = Ad-Hoc|iPhone
		{F55FB717-195C-476C-94F6-908DBF58F28C}.Ad-Hoc|iPhone.Deploy.0 = Ad-Hoc|iPhone
		{F55FB717-195C-476C-94F6-908DBF58F28C}.Ad-Hoc|iPhoneSimulator.ActiveCfg = Ad-Hoc|iPhoneSimulator
		{F55FB717-195C-476C-94F6-908DBF58F28C}.Ad-Hoc|iPhoneSimulator.Build.0 = Ad-Hoc|iPhoneSimulator
		{F55FB717-195C-476C-94F6-908DBF58F28C}.Ad-Hoc|iPhoneSimulator.Deploy.0 = Ad-Hoc|iPhoneSimulator
		{F55FB717-195C-476C-94F6-908DBF58F28C}.AppStore|Any CPU.ActiveCfg = AppStore|iPhone
		{F55FB717-195C-476C-94F6-908DBF58F28C}.AppStore|Any CPU.Build.0 = AppStore|iPhone
		{F55FB717-195C-476C-94F6-908DBF58F28C}.AppStore|Any CPU.Deploy.0 = AppStore|iPhone
		{F55FB717-195C-476C-94F6-908DBF58F28C}.AppStore|iPhone.ActiveCfg = AppStore|iPhone
		{F55FB717-195C-476C-94F6-908DBF58F28C}.AppStore|iPhone.Build.0 = AppStore|iPhone
		{F55FB717-195C-476C-94F6-908DBF58F28C}.AppStore|iPhone.Deploy.0 = AppStore|iPhone
		{F55FB717-195C-476C-94F6-908DBF58F28C}.AppStore|iPhoneSimulator.ActiveCfg = AppStore|iPhoneSimulator
		{F55FB717-195C-476C-94F6-908DBF58F28C}.AppStore|iPhoneSimulator.Build.0 = AppStore|iPhoneSimulator
		{F55FB717-195C-476C-94F6-908DBF58F28C}.AppStore|iPhoneSimulator.Deploy.0 = AppStore|iPhoneSimulator
		{F55FB717-195C-476C-94F6-908DBF58F28C}.Debug|Any CPU.ActiveCfg = Debug|iPhoneSimulator
		{F55FB717-195C-476C-94F6-908DBF58F28C}.Debug|Any CPU.Build.0 = Debug|iPhoneSimulator
		{F55FB717-195C-476C-94F6-908DBF58F28C}.Debug|Any CPU.Deploy.0 = Debug|iPhoneSimulator
		{F55FB717-195C-476C-94F6-908DBF58F28C}.Debug|iPhone.ActiveCfg = Debug|iPhone
		{F55FB717-195C-476C-94F6-908DBF58F28C}.Debug|iPhone.Build.0 = Debug|iPhone
		{F55FB717-195C-476C-94F6-908DBF58F28C}.Debug|iPhone.Deploy.0 = Debug|iPhone
		{F55FB717-195C-476C-94F6-908DBF58F28C}.Debug|iPhoneSimulator.ActiveCfg = Debug|iPhoneSimulator
		{F55FB717-195C-476C-94F6-908DBF58F28C}.Debug|iPhoneSimulator.Build.0 = Debug|iPhoneSimulator
		{F55FB717-195C-476C-94F6-908DBF58F28C}.Debug|iPhoneSimulator.Deploy.0 = Debug|iPhoneSimulator
		{F55FB717-195C-476C-94F6-908DBF58F28C}.Release|Any CPU.ActiveCfg = Release|iPhone
		{F55FB717-195C-476C-94F6-908DBF58F28C}.Release|Any CPU.Build.0 = Release|iPhone
		{F55FB717-195C-476C-94F6-908DBF58F28C}.Release|Any CPU.Deploy.0 = Release|iPhone
		{F55FB717-195C-476C-94F6-908DBF58F28C}.Release|iPhone.ActiveCfg = Release|iPhone
		{F55FB717-195C-476C-94F6-908DBF58F28C}.Release|iPhone.Build.0 = Release|iPhone
		{F55FB717-195C-476C-94F6-908DBF58F28C}.Release|iPhone.Deploy.0 = Release|iPhone
		{F55FB717-195C-476C-94F6-908DBF58F28C}.Release|iPhoneSimulator.ActiveCfg = Release|iPhoneSimulator
		{F55FB717-195C-476C-94F6-908DBF58F28C}.Release|iPhoneSimulator.Build.0 = Release|iPhoneSimulator
		{F55FB717-195C-476C-94F6-908DBF58F28C}.Release|iPhoneSimulator.Deploy.0 = Release|iPhoneSimulator
		{13F81FBF-0B88-47E3-A542-3AB7750BAE15}.Ad-Hoc|Any CPU.ActiveCfg = Debug|Any CPU
		{13F81FBF-0B88-47E3-A542-3AB7750BAE15}.Ad-Hoc|Any CPU.Build.0 = Debug|Any CPU
		{13F81FBF-0B88-47E3-A542-3AB7750BAE15}.Ad-Hoc|Any CPU.Deploy.0 = Debug|Any CPU
		{13F81FBF-0B88-47E3-A542-3AB7750BAE15}.Ad-Hoc|iPhone.ActiveCfg = Debug|Any CPU
		{13F81FBF-0B88-47E3-A542-3AB7750BAE15}.Ad-Hoc|iPhone.Build.0 = Debug|Any CPU
		{13F81FBF-0B88-47E3-A542-3AB7750BAE15}.Ad-Hoc|iPhone.Deploy.0 = Debug|Any CPU
		{13F81FBF-0B88-47E3-A542-3AB7750BAE15}.Ad-Hoc|iPhoneSimulator.ActiveCfg = Debug|Any CPU
		{13F81FBF-0B88-47E3-A542-3AB7750BAE15}.Ad-Hoc|iPhoneSimulator.Build.0 = Debug|Any CPU
		{13F81FBF-0B88-47E3-A542-3AB7750BAE15}.Ad-Hoc|iPhoneSimulator.Deploy.0 = Debug|Any CPU
		{13F81FBF-0B88-47E3-A542-3AB7750BAE15}.AppStore|Any CPU.ActiveCfg = Debug|Any CPU
		{13F81FBF-0B88-47E3-A542-3AB7750BAE15}.AppStore|Any CPU.Build.0 = Debug|Any CPU
		{13F81FBF-0B88-47E3-A542-3AB7750BAE15}.AppStore|Any CPU.Deploy.0 = Debug|Any CPU
		{13F81FBF-0B88-47E3-A542-3AB7750BAE15}.AppStore|iPhone.ActiveCfg = Debug|Any CPU
		{13F81FBF-0B88-47E3-A542-3AB7750BAE15}.AppStore|iPhone.Build.0 = Debug|Any CPU
		{13F81FBF-0B88-47E3-A542-3AB7750BAE15}.AppStore|iPhone.Deploy.0 = Debug|Any CPU
		{13F81FBF-0B88-47E3-A542-3AB7750BAE15}.AppStore|iPhoneSimulator.ActiveCfg = Debug|Any CPU
		{13F81FBF-0B88-47E3-A542-3AB7750BAE15}.AppStore|iPhoneSimulator.Build.0 = Debug|Any CPU
		{13F81FBF-0B88-47E3-A542-3AB7750BAE15}.AppStore|iPhoneSimulator.Deploy.0 = Debug|Any CPU
		{13F81FBF-0B88-47E3-A542-3AB7750BAE15}.Debug|Any CPU.ActiveCfg = Debug|Any CPU
		{13F81FBF-0B88-47E3-A542-3AB7750BAE15}.Debug|Any CPU.Build.0 = Debug|Any CPU
		{13F81FBF-0B88-47E3-A542-3AB7750BAE15}.Debug|Any CPU.Deploy.0 = Debug|Any CPU
		{13F81FBF-0B88-47E3-A542-3AB7750BAE15}.Debug|iPhone.ActiveCfg = Debug|Any CPU
		{13F81FBF-0B88-47E3-A542-3AB7750BAE15}.Debug|iPhone.Build.0 = Debug|Any CPU
		{13F81FBF-0B88-47E3-A542-3AB7750BAE15}.Debug|iPhone.Deploy.0 = Debug|Any CPU
		{13F81FBF-0B88-47E3-A542-3AB7750BAE15}.Debug|iPhoneSimulator.ActiveCfg = Debug|Any CPU
		{13F81FBF-0B88-47E3-A542-3AB7750BAE15}.Debug|iPhoneSimulator.Build.0 = Debug|Any CPU
		{13F81FBF-0B88-47E3-A542-3AB7750BAE15}.Debug|iPhoneSimulator.Deploy.0 = Debug|Any CPU
		{13F81FBF-0B88-47E3-A542-3AB7750BAE15}.Release|Any CPU.ActiveCfg = Release|Any CPU
		{13F81FBF-0B88-47E3-A542-3AB7750BAE15}.Release|Any CPU.Build.0 = Release|Any CPU
		{13F81FBF-0B88-47E3-A542-3AB7750BAE15}.Release|Any CPU.Deploy.0 = Release|Any CPU
		{13F81FBF-0B88-47E3-A542-3AB7750BAE15}.Release|iPhone.ActiveCfg = Release|Any CPU
		{13F81FBF-0B88-47E3-A542-3AB7750BAE15}.Release|iPhone.Build.0 = Release|Any CPU
		{13F81FBF-0B88-47E3-A542-3AB7750BAE15}.Release|iPhone.Deploy.0 = Release|Any CPU
		{13F81FBF-0B88-47E3-A542-3AB7750BAE15}.Release|iPhoneSimulator.ActiveCfg = Release|Any CPU
		{13F81FBF-0B88-47E3-A542-3AB7750BAE15}.Release|iPhoneSimulator.Build.0 = Release|Any CPU
		{13F81FBF-0B88-47E3-A542-3AB7750BAE15}.Release|iPhoneSimulator.Deploy.0 = Release|Any CPU
	EndGlobalSection
	GlobalSection(SolutionProperties) = preSolution
		HideSolutionNode = FALSE
	EndGlobalSection
	GlobalSection(ExtensibilityGlobals) = postSolution
		SolutionGuid = {4E49786D-F48E-4A5D-9D73-673D29B22FBF}
	EndGlobalSection
EndGlobal
